
Microsoft Visual Studio Solution File, Format Version 12.00
# Visual Studio Version 17
VisualStudioVersion = 17.12.35527.113
MinimumVisualStudioVersion = 10.0.40219.1
Project("{FAE04EC0-301F-11D3-BF4B-00C04F79EFBC}") = "IMIC225017ASPNet", "IMIC225017ASPNet\IMIC225017ASPNet.csproj", "{60F4F1C0-AF4F-4530-B269-11867D72C0D7}"
EndProject
Project("{FAE04EC0-301F-11D3-BF4B-00C04F79EFBC}") = "IMIC225017.DataAccess", "IMIC225017.DataAccess\IMIC225017.DataAccess.csproj", "{EA849D68-AD39-4502-A373-2E91098420A5}"
EndProject
Project("{FAE04EC0-301F-11D3-BF4B-00C04F79EFBC}") = "IMIC225017.Common", "IMIC225017.Common\IMIC225017.Common.csproj", "{53F0F332-CF86-47DF-8336-14A2C72C5108}"
EndProject
Project("{FAE04EC0-301F-11D3-BF4B-00C04F79EFBC}") = "IMIC225017.ConsoleNetcore", "IMIC225017.ConsoleNetcore\IMIC225017.ConsoleNetcore.csproj", "{C6D7FEBE-9B6A-4A7B-82A6-ABE40F09D321}"
EndProject
Project("{FAE04EC0-301F-11D3-BF4B-00C04F79EFBC}") = "IMIC225017.WebApsNetCore", "IMIC225017.WebApsNetCore\IMIC225017.WebApsNetCore.csproj", "{54C39D3E-6C90-4687-8DB2-D0069BA61894}"
EndProject
Project("{FAE04EC0-301F-11D3-BF4B-00C04F79EFBC}") = "IMIC225017.NetCoreAPI", "IMIC225017.NetCoreAPI\IMIC225017.NetCoreAPI.csproj", "{9814C0ED-6DDF-4031-889C-0BB198877B76}"
EndProject
Project("{FAE04EC0-301F-11D3-BF4B-00C04F79EFBC}") = "IMIC225017.DataAccessNetCore", "IMIC225017.DataAccessNetCore\IMIC225017.DataAccessNetCore.csproj", "{6FC596BD-57F9-4CF2-95DC-E437080415B3}"
EndProject
Project("{FAE04EC0-301F-11D3-BF4B-00C04F79EFBC}") = "IMIC225017.CommonNetCore", "IMIC225017.CommonNetCore\IMIC225017.CommonNetCore.csproj", "{072AC6C5-ABF0-4F31-A18F-8BCDBB7BE341}"
EndProject
Global
	GlobalSection(SolutionConfigurationPlatforms) = preSolution
		Debug|Any CPU = Debug|Any CPU
		Release|Any CPU = Release|Any CPU
	EndGlobalSection
	GlobalSection(ProjectConfigurationPlatforms) = postSolution
		{60F4F1C0-AF4F-4530-B269-11867D72C0D7}.Debug|Any CPU.ActiveCfg = Debug|Any CPU
		{60F4F1C0-AF4F-4530-B269-11867D72C0D7}.Debug|Any CPU.Build.0 = Debug|Any CPU
		{60F4F1C0-AF4F-4530-B269-11867D72C0D7}.Release|Any CPU.ActiveCfg = Release|Any CPU
		{60F4F1C0-AF4F-4530-B269-11867D72C0D7}.Release|Any CPU.Build.0 = Release|Any CPU
		{EA849D68-AD39-4502-A373-2E91098420A5}.Debug|Any CPU.ActiveCfg = Debug|Any CPU
		{EA849D68-AD39-4502-A373-2E91098420A5}.Debug|Any CPU.Build.0 = Debug|Any CPU
		{EA849D68-AD39-4502-A373-2E91098420A5}.Release|Any CPU.ActiveCfg = Release|Any CPU
		{EA849D68-AD39-4502-A373-2E91098420A5}.Release|Any CPU.Build.0 = Release|Any CPU
		{53F0F332-CF86-47DF-8336-14A2C72C5108}.Debug|Any CPU.ActiveCfg = Debug|Any CPU
		{53F0F332-CF86-47DF-8336-14A2C72C5108}.Debug|Any CPU.Build.0 = Debug|Any CPU
		{53F0F332-CF86-47DF-8336-14A2C72C5108}.Release|Any CPU.ActiveCfg = Release|Any CPU
		{53F0F332-CF86-47DF-8336-14A2C72C5108}.Release|Any CPU.Build.0 = Release|Any CPU
		{C6D7FEBE-9B6A-4A7B-82A6-ABE40F09D321}.Debug|Any CPU.ActiveCfg = Debug|Any CPU
		{C6D7FEBE-9B6A-4A7B-82A6-ABE40F09D321}.Debug|Any CPU.Build.0 = Debug|Any CPU
		{C6D7FEBE-9B6A-4A7B-82A6-ABE40F09D321}.Release|Any CPU.ActiveCfg = Release|Any CPU
		{C6D7FEBE-9B6A-4A7B-82A6-ABE40F09D321}.Release|Any CPU.Build.0 = Release|Any CPU
		{54C39D3E-6C90-4687-8DB2-D0069BA61894}.Debug|Any CPU.ActiveCfg = Debug|Any CPU
		{54C39D3E-6C90-4687-8DB2-D0069BA61894}.Debug|Any CPU.Build.0 = Debug|Any CPU
		{54C39D3E-6C90-4687-8DB2-D0069BA61894}.Release|Any CPU.ActiveCfg = Release|Any CPU
		{54C39D3E-6C90-4687-8DB2-D0069BA61894}.Release|Any CPU.Build.0 = Release|Any CPU
		{9814C0ED-6DDF-4031-889C-0BB198877B76}.Debug|Any CPU.ActiveCfg = Debug|Any CPU
		{9814C0ED-6DDF-4031-889C-0BB198877B76}.Debug|Any CPU.Build.0 = Debug|Any CPU
		{9814C0ED-6DDF-4031-889C-0BB198877B76}.Release|Any CPU.ActiveCfg = Release|Any CPU
		{9814C0ED-6DDF-4031-889C-0BB198877B76}.Release|Any CPU.Build.0 = Release|Any CPU
		{6FC596BD-57F9-4CF2-95DC-E437080415B3}.Debug|Any CPU.ActiveCfg = Debug|Any CPU
		{6FC596BD-57F9-4CF2-95DC-E437080415B3}.Debug|Any CPU.Build.0 = Debug|Any CPU
		{6FC596BD-57F9-4CF2-95DC-E437080415B3}.Release|Any CPU.ActiveCfg = Release|Any CPU
		{6FC596BD-57F9-4CF2-95DC-E437080415B3}.Release|Any CPU.Build.0 = Release|Any CPU
		{072AC6C5-ABF0-4F31-A18F-8BCDBB7BE341}.Debug|Any CPU.ActiveCfg = Debug|Any CPU
		{072AC6C5-ABF0-4F31-A18F-8BCDBB7BE341}.Debug|Any CPU.Build.0 = Debug|Any CPU
		{072AC6C5-ABF0-4F31-A18F-8BCDBB7BE341}.Release|Any CPU.ActiveCfg = Release|Any CPU
		{072AC6C5-ABF0-4F31-A18F-8BCDBB7BE341}.Release|Any CPU.Build.0 = Release|Any CPU
	EndGlobalSection
	GlobalSection(SolutionProperties) = preSolution
		HideSolutionNode = FALSE
	EndGlobalSection
EndGlobal
